// !$*UTF8*$!
{
	archiveVersion = 1;
	classes = {
	};
	objectVersion = 50;
	objects = {

/* Begin PBXBuildFile section */
		189CC5372363E9D00059F838 /* SettingLauncher.swift in Sources */ = {isa = PBXBuildFile; fileRef = 189CC5362363E9D00059F838 /* SettingLauncher.swift */; };
		189CC5392363FE7A0059F838 /* SettingCell.swift in Sources */ = {isa = PBXBuildFile; fileRef = 189CC5382363FE7A0059F838 /* SettingCell.swift */; };
		18CAD13E236359A000753C92 /* LoadImageString.swift in Sources */ = {isa = PBXBuildFile; fileRef = 18CAD13D236359A000753C92 /* LoadImageString.swift */; };
		18CE4260236686390038B7FE /* BangtinCell.swift in Sources */ = {isa = PBXBuildFile; fileRef = 18CE425F236686390038B7FE /* BangtinCell.swift */; };
		18CE42622366AF280038B7FE /* TrendingCell.swift in Sources */ = {isa = PBXBuildFile; fileRef = 18CE42612366AF280038B7FE /* TrendingCell.swift */; };
		18CE42642366B2130038B7FE /* SupscriptionCell.swift in Sources */ = {isa = PBXBuildFile; fileRef = 18CE42632366B2130038B7FE /* SupscriptionCell.swift */; };
		18E7C5522364404300CD3E83 /* Setting.swift in Sources */ = {isa = PBXBuildFile; fileRef = 18E7C5512364404300CD3E83 /* Setting.swift */; };
		18E7C555236480CC00CD3E83 /* ApiSevrice.swift in Sources */ = {isa = PBXBuildFile; fileRef = 18E7C554236480CC00CD3E83 /* ApiSevrice.swift */; };
		18F7CD1C2362DBB20033CA3B /* AppDelegate.swift in Sources */ = {isa = PBXBuildFile; fileRef = 18F7CD1B2362DBB20033CA3B /* AppDelegate.swift */; };
		18F7CD1E2362DBB20033CA3B /* HomeController.swift in Sources */ = {isa = PBXBuildFile; fileRef = 18F7CD1D2362DBB20033CA3B /* HomeController.swift */; };
		18F7CD232362DBB30033CA3B /* Assets.xcassets in Resources */ = {isa = PBXBuildFile; fileRef = 18F7CD222362DBB30033CA3B /* Assets.xcassets */; };
		18F7CD262362DBB30033CA3B /* LaunchScreen.storyboard in Resources */ = {isa = PBXBuildFile; fileRef = 18F7CD242362DBB30033CA3B /* LaunchScreen.storyboard */; };
		18F7CD2E2362DC4E0033CA3B /* UIView+Layout.swift in Sources */ = {isa = PBXBuildFile; fileRef = 18F7CD2D2362DC4E0033CA3B /* UIView+Layout.swift */; };
		18F7CD312362FDF70033CA3B /* VideoCell.swift in Sources */ = {isa = PBXBuildFile; fileRef = 18F7CD302362FDF70033CA3B /* VideoCell.swift */; };
		18F7CD34236304700033CA3B /* MenuBar.swift in Sources */ = {isa = PBXBuildFile; fileRef = 18F7CD33236304700033CA3B /* MenuBar.swift */; };
		18F7CD36236320790033CA3B /* BaseCell.swift in Sources */ = {isa = PBXBuildFile; fileRef = 18F7CD35236320790033CA3B /* BaseCell.swift */; };
		18F7CD39236334AF0033CA3B /* Video.swift in Sources */ = {isa = PBXBuildFile; fileRef = 18F7CD38236334AF0033CA3B /* Video.swift */; };
/* End PBXBuildFile section */

/* Begin PBXFileReference section */
		189CC5362363E9D00059F838 /* SettingLauncher.swift */ = {isa = PBXFileReference; lastKnownFileType = sourcecode.swift; path = SettingLauncher.swift; sourceTree = "<group>"; };
		189CC5382363FE7A0059F838 /* SettingCell.swift */ = {isa = PBXFileReference; lastKnownFileType = sourcecode.swift; path = SettingCell.swift; sourceTree = "<group>"; };
		18CAD13D236359A000753C92 /* LoadImageString.swift */ = {isa = PBXFileReference; lastKnownFileType = sourcecode.swift; path = LoadImageString.swift; sourceTree = "<group>"; };
		18CE425F236686390038B7FE /* BangtinCell.swift */ = {isa = PBXFileReference; lastKnownFileType = sourcecode.swift; path = BangtinCell.swift; sourceTree = "<group>"; };
		18CE42612366AF280038B7FE /* TrendingCell.swift */ = {isa = PBXFileReference; lastKnownFileType = sourcecode.swift; path = TrendingCell.swift; sourceTree = "<group>"; };
		18CE42632366B2130038B7FE /* SupscriptionCell.swift */ = {isa = PBXFileReference; lastKnownFileType = sourcecode.swift; path = SupscriptionCell.swift; sourceTree = "<group>"; };
		18E7C5512364404300CD3E83 /* Setting.swift */ = {isa = PBXFileReference; lastKnownFileType = sourcecode.swift; path = Setting.swift; sourceTree = "<group>"; };
		18E7C554236480CC00CD3E83 /* ApiSevrice.swift */ = {isa = PBXFileReference; lastKnownFileType = sourcecode.swift; path = ApiSevrice.swift; sourceTree = "<group>"; };
		18F7CD182362DBB20033CA3B /* Youtube.app */ = {isa = PBXFileReference; explicitFileType = wrapper.application; includeInIndex = 0; path = Youtube.app; sourceTree = BUILT_PRODUCTS_DIR; };
		18F7CD1B2362DBB20033CA3B /* AppDelegate.swift */ = {isa = PBXFileReference; lastKnownFileType = sourcecode.swift; path = AppDelegate.swift; sourceTree = "<group>"; };
		18F7CD1D2362DBB20033CA3B /* HomeController.swift */ = {isa = PBXFileReference; lastKnownFileType = sourcecode.swift; path = HomeController.swift; sourceTree = "<group>"; };
		18F7CD222362DBB30033CA3B /* Assets.xcassets */ = {isa = PBXFileReference; lastKnownFileType = folder.assetcatalog; path = Assets.xcassets; sourceTree = "<group>"; };
		18F7CD252362DBB30033CA3B /* Base */ = {isa = PBXFileReference; lastKnownFileType = file.storyboard; name = Base; path = Base.lproj/LaunchScreen.storyboard; sourceTree = "<group>"; };
		18F7CD272362DBB30033CA3B /* Info.plist */ = {isa = PBXFileReference; lastKnownFileType = text.plist.xml; path = Info.plist; sourceTree = "<group>"; };
		18F7CD2D2362DC4E0033CA3B /* UIView+Layout.swift */ = {isa = PBXFileReference; fileEncoding = 4; lastKnownFileType = sourcecode.swift; path = "UIView+Layout.swift"; sourceTree = "<group>"; };
		18F7CD302362FDF70033CA3B /* VideoCell.swift */ = {isa = PBXFileReference; lastKnownFileType = sourcecode.swift; path = VideoCell.swift; sourceTree = "<group>"; };
		18F7CD33236304700033CA3B /* MenuBar.swift */ = {isa = PBXFileReference; lastKnownFileType = sourcecode.swift; path = MenuBar.swift; sourceTree = "<group>"; wrapsLines = 0; };
		18F7CD35236320790033CA3B /* BaseCell.swift */ = {isa = PBXFileReference; lastKnownFileType = sourcecode.swift; path = BaseCell.swift; sourceTree = "<group>"; };
		18F7CD38236334AF0033CA3B /* Video.swift */ = {isa = PBXFileReference; lastKnownFileType = sourcecode.swift; path = Video.swift; sourceTree = "<group>"; };
/* End PBXFileReference section */

/* Begin PBXFrameworksBuildPhase section */
		18F7CD152362DBB20033CA3B /* Frameworks */ = {
			isa = PBXFrameworksBuildPhase;
			buildActionMask = 2147483647;
			files = (
			);
			runOnlyForDeploymentPostprocessing = 0;
		};
/* End PBXFrameworksBuildPhase section */

/* Begin PBXGroup section */
		18E7C5532364809800CD3E83 /* ApiSevrice */ = {
			isa = PBXGroup;
			children = (
				18E7C554236480CC00CD3E83 /* ApiSevrice.swift */,
			);
			path = ApiSevrice;
			sourceTree = "<group>";
		};
		18F7CD0F2362DBB20033CA3B = {
			isa = PBXGroup;
			children = (
				18F7CD1A2362DBB20033CA3B /* Youtube */,
				18F7CD192362DBB20033CA3B /* Products */,
			);
			sourceTree = "<group>";
		};
		18F7CD192362DBB20033CA3B /* Products */ = {
			isa = PBXGroup;
			children = (
				18F7CD182362DBB20033CA3B /* Youtube.app */,
			);
			name = Products;
			sourceTree = "<group>";
		};
		18F7CD1A2362DBB20033CA3B /* Youtube */ = {
			isa = PBXGroup;
			children = (
				18F7CD1B2362DBB20033CA3B /* AppDelegate.swift */,
				18E7C5532364809800CD3E83 /* ApiSevrice */,
				18F7CD37236334900033CA3B /* Model */,
				18F7CD322362FE0B0033CA3B /* Controller */,
				18F7CD2F2362FDDD0033CA3B /* Views */,
				18F7CD2D2362DC4E0033CA3B /* UIView+Layout.swift */,
				18F7CD222362DBB30033CA3B /* Assets.xcassets */,
				18F7CD242362DBB30033CA3B /* LaunchScreen.storyboard */,
				18F7CD272362DBB30033CA3B /* Info.plist */,
				18CAD13D236359A000753C92 /* LoadImageString.swift */,
			);
			path = Youtube;
			sourceTree = "<group>";
		};
		18F7CD2F2362FDDD0033CA3B /* Views */ = {
			isa = PBXGroup;
			children = (
				18F7CD302362FDF70033CA3B /* VideoCell.swift */,
				18F7CD33236304700033CA3B /* MenuBar.swift */,
				189CC5382363FE7A0059F838 /* SettingCell.swift */,
				18CE42612366AF280038B7FE /* TrendingCell.swift */,
				18CE42632366B2130038B7FE /* SupscriptionCell.swift */,
			);
			path = Views;
			sourceTree = "<group>";
		};
		18F7CD322362FE0B0033CA3B /* Controller */ = {
			isa = PBXGroup;
			children = (
				18F7CD1D2362DBB20033CA3B /* HomeController.swift */,
				189CC5362363E9D00059F838 /* SettingLauncher.swift */,
			);
			path = Controller;
			sourceTree = "<group>";
		};
		18F7CD37236334900033CA3B /* Model */ = {
			isa = PBXGroup;
			children = (
				18F7CD35236320790033CA3B /* BaseCell.swift */,
				18F7CD38236334AF0033CA3B /* Video.swift */,
				18E7C5512364404300CD3E83 /* Setting.swift */,
				18CE425F236686390038B7FE /* BangtinCell.swift */,
			);
			path = Model;
			sourceTree = "<group>";
		};
/* End PBXGroup section */

/* Begin PBXNativeTarget section */
		18F7CD172362DBB20033CA3B /* Youtube */ = {
			isa = PBXNativeTarget;
			buildConfigurationList = 18F7CD2A2362DBB30033CA3B /* Build configuration list for PBXNativeTarget "Youtube" */;
			buildPhases = (
				18F7CD142362DBB20033CA3B /* Sources */,
				18F7CD152362DBB20033CA3B /* Frameworks */,
				18F7CD162362DBB20033CA3B /* Resources */,
			);
			buildRules = (
			);
			dependencies = (
			);
			name = Youtube;
			productName = Youtube;
			productReference = 18F7CD182362DBB20033CA3B /* Youtube.app */;
			productType = "com.apple.product-type.application";
		};
/* End PBXNativeTarget section */

/* Begin PBXProject section */
		18F7CD102362DBB20033CA3B /* Project object */ = {
			isa = PBXProject;
			attributes = {
				LastSwiftUpdateCheck = 1030;
				LastUpgradeCheck = 1030;
				ORGANIZATIONNAME = thanh;
				TargetAttributes = {
					18F7CD172362DBB20033CA3B = {
						CreatedOnToolsVersion = 10.3;
					};
				};
			};
			buildConfigurationList = 18F7CD132362DBB20033CA3B /* Build configuration list for PBXProject "Youtube" */;
			compatibilityVersion = "Xcode 9.3";
			developmentRegion = en;
			hasScannedForEncodings = 0;
			knownRegions = (
				en,
				Base,
			);
			mainGroup = 18F7CD0F2362DBB20033CA3B;
			productRefGroup = 18F7CD192362DBB20033CA3B /* Products */;
			projectDirPath = "";
			projectRoot = "";
			targets = (
				18F7CD172362DBB20033CA3B /* Youtube */,
			);
		};
/* End PBXProject section */

/* Begin PBXResourcesBuildPhase section */
		18F7CD162362DBB20033CA3B /* Resources */ = {
			isa = PBXResourcesBuildPhase;
			buildActionMask = 2147483647;
			files = (
				18F7CD262362DBB30033CA3B /* LaunchScreen.storyboard in Resources */,
				18F7CD232362DBB30033CA3B /* Assets.xcassets in Resources */,
			);
			runOnlyForDeploymentPostprocessing = 0;
		};
/* End PBXResourcesBuildPhase section */

/* Begin PBXSourcesBuildPhase section */
		18F7CD142362DBB20033CA3B /* Sources */ = {
			isa = PBXSourcesBuildPhase;
			buildActionMask = 2147483647;
			files = (
				18CE42622366AF280038B7FE /* TrendingCell.swift in Sources */,
				18F7CD1E2362DBB20033CA3B /* HomeController.swift in Sources */,
				18F7CD312362FDF70033CA3B /* VideoCell.swift in Sources */,
				18CE4260236686390038B7FE /* BangtinCell.swift in Sources */,
				18CAD13E236359A000753C92 /* LoadImageString.swift in Sources */,
				18F7CD1C2362DBB20033CA3B /* AppDelegate.swift in Sources */,
				18F7CD2E2362DC4E0033CA3B /* UIView+Layout.swift in Sources */,
				18F7CD36236320790033CA3B /* BaseCell.swift in Sources */,
				18E7C555236480CC00CD3E83 /* ApiSevrice.swift in Sources */,
				18E7C5522364404300CD3E83 /* Setting.swift in Sources */,
				18F7CD39236334AF0033CA3B /* Video.swift in Sources */,
				189CC5372363E9D00059F838 /* SettingLauncher.swift in Sources */,
				18CE42642366B2130038B7FE /* SupscriptionCell.swift in Sources */,
				189CC5392363FE7A0059F838 /* SettingCell.swift in Sources */,
				18F7CD34236304700033CA3B /* MenuBar.swift in Sources */,
			);
			runOnlyForDeploymentPostprocessing = 0;
		};
/* End PBXSourcesBuildPhase section */

/* Begin PBXVariantGroup section */
		18F7CD242362DBB30033CA3B /* LaunchScreen.storyboard */ = {
			isa = PBXVariantGroup;
			children = (
				18F7CD252362DBB30033CA3B /* Base */,
			);
			name = LaunchScreen.storyboard;
			sourceTree = "<group>";
		};
/* End PBXVariantGroup section */

/* Begin XCBuildConfiguration section */
		18F7CD282362DBB30033CA3B /* Debug */ = {
			isa = XCBuildConfiguration;
			buildSettings = {
				ALWAYS_SEARCH_USER_PATHS = NO;
				CLANG_ANALYZER_NONNULL = YES;
				CLANG_ANALYZER_NUMBER_OBJECT_CONVERSION = YES_AGGRESSIVE;
				CLANG_CXX_LANGUAGE_STANDARD = "gnu++14";
				CLANG_CXX_LIBRARY = "libc++";
				CLANG_ENABLE_MODULES = YES;
				CLANG_ENABLE_OBJC_ARC = YES;
				CLANG_ENABLE_OBJC_WEAK = YES;
				CLANG_WARN_BLOCK_CAPTURE_AUTORELEASING = YES;
				CLANG_WARN_BOOL_CONVERSION = YES;
				CLANG_WARN_COMMA = YES;
				CLANG_WARN_CONSTANT_CONVERSION = YES;
				CLANG_WARN_DEPRECATED_OBJC_IMPLEMENTATIONS = YES;
				CLANG_WARN_DIRECT_OBJC_ISA_USAGE = YES_ERROR;
				CLANG_WARN_DOCUMENTATION_COMMENTS = YES;
				CLANG_WARN_EMPTY_BODY = YES;
				CLANG_WARN_ENUM_CONVERSION = YES;
				CLANG_WARN_INFINITE_RECURSION = YES;
				CLANG_WARN_INT_CONVERSION = YES;
				CLANG_WARN_NON_LITERAL_NULL_CONVERSION = YES;
				CLANG_WARN_OBJC_IMPLICIT_RETAIN_SELF = YES;
				CLANG_WARN_OBJC_LITERAL_CONVERSION = YES;
				CLANG_WARN_OBJC_ROOT_CLASS = YES_ERROR;
				CLANG_WARN_RANGE_LOOP_ANALYSIS = YES;
				CLANG_WARN_STRICT_PROTOTYPES = YES;
				CLANG_WARN_SUSPICIOUS_MOVE = YES;
				CLANG_WARN_UNGUARDED_AVAILABILITY = YES_AGGRESSIVE;
				CLANG_WARN_UNREACHABLE_CODE = YES;
				CLANG_WARN__DUPLICATE_METHOD_MATCH = YES;
				CODE_SIGN_IDENTITY = "iPhone Developer";
				COPY_PHASE_STRIP = NO;
				DEBUG_INFORMATION_FORMAT = dwarf;
				ENABLE_STRICT_OBJC_MSGSEND = YES;
				ENABLE_TESTABILITY = YES;
				GCC_C_LANGUAGE_STANDARD = gnu11;
				GCC_DYNAMIC_NO_PIC = NO;
				GCC_NO_COMMON_BLOCKS = YES;
				GCC_OPTIMIZATION_LEVEL = 0;
				GCC_PREPROCESSOR_DEFINITIONS = (
					"DEBUG=1",
					"$(inherited)",
				);
				GCC_WARN_64_TO_32_BIT_CONVERSION = YES;
				GCC_WARN_ABOUT_RETURN_TYPE = YES_ERROR;
				GCC_WARN_UNDECLARED_SELECTOR = YES;
				GCC_WARN_UNINITIALIZED_AUTOS = YES_AGGRESSIVE;
				GCC_WARN_UNUSED_FUNCTION = YES;
				GCC_WARN_UNUSED_VARIABLE = YES;
				IPHONEOS_DEPLOYMENT_TARGET = 12.4;
				MTL_ENABLE_DEBUG_INFO = INCLUDE_SOURCE;
				MTL_FAST_MATH = YES;
				ONLY_ACTIVE_ARCH = YES;
				SDKROOT = iphoneos;
				SWIFT_ACTIVE_COMPILATION_CONDITIONS = DEBUG;
				SWIFT_OPTIMIZATION_LEVEL = "-Onone";
			};
			name = Debug;
		};
		18F7CD292362DBB30033CA3B /* Release */ = {
			isa = XCBuildConfiguration;
			buildSettings = {
				ALWAYS_SEARCH_USER_PATHS = NO;
				CLANG_ANALYZER_NONNULL = YES;
				CLANG_ANALYZER_NUMBER_OBJECT_CONVERSION = YES_AGGRESSIVE;
				CLANG_CXX_LANGUAGE_STANDARD = "gnu++14";
				CLANG_CXX_LIBRARY = "libc++";
				CLANG_ENABLE_MODULES = YES;
				CLANG_ENABLE_OBJC_ARC = YES;
				CLANG_ENABLE_OBJC_WEAK = YES;
				CLANG_WARN_BLOCK_CAPTURE_AUTORELEASING = YES;
				CLANG_WARN_BOOL_CONVERSION = YES;
				CLANG_WARN_COMMA = YES;
				CLANG_WARN_CONSTANT_CONVERSION = YES;
				CLANG_WARN_DEPRECATED_OBJC_IMPLEMENTATIONS = YES;
				CLANG_WARN_DIRECT_OBJC_ISA_USAGE = YES_ERROR;
				CLANG_WARN_DOCUMENTATION_COMMENTS = YES;
				CLANG_WARN_EMPTY_BODY = YES;
				CLANG_WARN_ENUM_CONVERSION = YES;
				CLANG_WARN_INFINITE_RECURSION = YES;
				CLANG_WARN_INT_CONVERSION = YES;
				CLANG_WARN_NON_LITERAL_NULL_CONVERSION = YES;
				CLANG_WARN_OBJC_IMPLICIT_RETAIN_SELF = YES;
				CLANG_WARN_OBJC_LITERAL_CONVERSION = YES;
				CLANG_WARN_OBJC_ROOT_CLASS = YES_ERROR;
				CLANG_WARN_RANGE_LOOP_ANALYSIS = YES;
				CLANG_WARN_STRICT_PROTOTYPES = YES;
				CLANG_WARN_SUSPICIOUS_MOVE = YES;
				CLANG_WARN_UNGUARDED_AVAILABILITY = YES_AGGRESSIVE;
				CLANG_WARN_UNREACHABLE_CODE = YES;
				CLANG_WARN__DUPLICATE_METHOD_MATCH = YES;
				CODE_SIGN_IDENTITY = "iPhone Developer";
				COPY_PHASE_STRIP = NO;
				DEBUG_INFORMATION_FORMAT = "dwarf-with-dsym";
				ENABLE_NS_ASSERTIONS = NO;
				ENABLE_STRICT_OBJC_MSGSEND = YES;
				GCC_C_LANGUAGE_STANDARD = gnu11;
				GCC_NO_COMMON_BLOCKS = YES;
				GCC_WARN_64_TO_32_BIT_CONVERSION = YES;
				GCC_WARN_ABOUT_RETURN_TYPE = YES_ERROR;
				GCC_WARN_UNDECLARED_SELECTOR = YES;
				GCC_WARN_UNINITIALIZED_AUTOS = YES_AGGRESSIVE;
				GCC_WARN_UNUSED_FUNCTION = YES;
				GCC_WARN_UNUSED_VARIABLE = YES;
				IPHONEOS_DEPLOYMENT_TARGET = 12.4;
				MTL_ENABLE_DEBUG_INFO = NO;
				MTL_FAST_MATH = YES;
				SDKROOT = iphoneos;
				SWIFT_COMPILATION_MODE = wholemodule;
				SWIFT_OPTIMIZATION_LEVEL = "-O";
				VALIDATE_PRODUCT = YES;
			};
			name = Release;
		};
		18F7CD2B2362DBB30033CA3B /* Debug */ = {
			isa = XCBuildConfiguration;
			buildSettings = {
				ASSETCATALOG_COMPILER_APPICON_NAME = AppIcon;
				CODE_SIGN_STYLE = Automatic;
				INFOPLIST_FILE = Youtube/Info.plist;
				LD_RUNPATH_SEARCH_PATHS = (
					"$(inherited)",
					"@executable_path/Frameworks",
				);
				PRODUCT_BUNDLE_IDENTIFIER = app.Youtube;
				PRODUCT_NAME = "$(TARGET_NAME)";
				SWIFT_VERSION = 5.0;
				TARGETED_DEVICE_FAMILY = "1,2";
			};
			name = Debug;
		};
		18F7CD2C2362DBB30033CA3B /* Release */ = {
			isa = XCBuildConfiguration;
			buildSettings = {
				ASSETCATALOG_COMPILER_APPICON_NAME = AppIcon;
				CODE_SIGN_STYLE = Automatic;
				INFOPLIST_FILE = Youtube/Info.plist;
				LD_RUNPATH_SEARCH_PATHS = (
					"$(inherited)",
					"@executable_path/Frameworks",
				);
				PRODUCT_BUNDLE_IDENTIFIER = app.Youtube;
				PRODUCT_NAME = "$(TARGET_NAME)";
				SWIFT_VERSION = 5.0;
				TARGETED_DEVICE_FAMILY = "1,2";
			};
			name = Release;
		};
/* End XCBuildConfiguration section */

/* Begin XCConfigurationList section */
		18F7CD132362DBB20033CA3B /* Build configuration list for PBXProject "Youtube" */ = {
			isa = XCConfigurationList;
			buildConfigurations = (
				18F7CD282362DBB30033CA3B /* Debug */,
				18F7CD292362DBB30033CA3B /* Release */,
			);
			defaultConfigurationIsVisible = 0;
			defaultConfigurationName = Release;
		};
		18F7CD2A2362DBB30033CA3B /* Build configuration list for PBXNativeTarget "Youtube" */ = {
			isa = XCConfigurationList;
			buildConfigurations = (
				18F7CD2B2362DBB30033CA3B /* Debug */,
				18F7CD2C2362DBB30033CA3B /* Release */,
			);
			defaultConfigurationIsVisible = 0;
			defaultConfigurationName = Release;
		};
/* End XCConfigurationList section */
	};
	rootObject = 18F7CD102362DBB20033CA3B /* Project object */;
}
